{
  "name": "kronos",
  "version": "1.0.0",
  "lockfileVersion": 2,
  "requires": true,
  "packages": {
    "": {
      "name": "kronos",
      "version": "1.0.0",
      "license": "ISC",
      "dependencies": {
        "clear": "^0.1.0",
        "commander": "^9.4.1",
        "csv": "^6.2.5",
        "dayjs": "^1.11.7",
        "jsonfile": "^6.1.0"
      },
      "bin": {
        "kronos": "dist/index.js"
      },
      "devDependencies": {
        "@types/clear": "^0.1.2",
        "@types/jsonfile": "^6.1.0",
        "@types/node": "^18.11.18",
        "typescript": "^4.9.4"
      }
    },
    "node_modules/@types/clear": {
      "version": "0.1.2",
      "resolved": "https://registry.npmjs.org/@types/clear/-/clear-0.1.2.tgz",
      "integrity": "sha512-h3GHp9BuPgY3X+WKWwJgTIl/h38KkcdU6JG28i1xdrlS8YXVi3V1YrhaZkjuvur97qZo8TMQjVXJorTf87LvfA==",
      "dev": true
    },
    "node_modules/@types/jsonfile": {
      "version": "6.1.0",
      "resolved": "https://registry.npmjs.org/@types/jsonfile/-/jsonfile-6.1.0.tgz",
      "integrity": "sha512-zQPywzif9EycCkvECjYT9dbbttT0dkk657zcLb/803ZOXHsBA963jzEPF/Jnh1zOdBbgFJvUE8kcvZverAoK1w==",
      "dev": true,
      "dependencies": {
        "@types/node": "*"
      }
    },
    "node_modules/@types/node": {
      "version": "18.11.18",
      "resolved": "https://registry.npmjs.org/@types/node/-/node-18.11.18.tgz",
      "integrity": "sha512-DHQpWGjyQKSHj3ebjFI/wRKcqQcdR+MoFBygntYOZytCqNfkd2ZC4ARDJ2DQqhjH5p85Nnd3jhUJIXrszFX/JA==",
      "dev": true
    },
    "node_modules/clear": {
      "version": "0.1.0",
      "resolved": "https://registry.npmjs.org/clear/-/clear-0.1.0.tgz",
      "integrity": "sha512-qMjRnoL+JDPJHeLePZJuao6+8orzHMGP04A8CdwCNsKhRbOnKRjefxONR7bwILT3MHecxKBjHkKL/tkZ8r4Uzw==",
      "engines": {
        "node": "*"
      }
    },
    "node_modules/commander": {
      "version": "9.4.1",
      "resolved": "https://registry.npmjs.org/commander/-/commander-9.4.1.tgz",
      "integrity": "sha512-5EEkTNyHNGFPD2H+c/dXXfQZYa/scCKasxWcXJaWnNJ99pnQN9Vnmqow+p+PlFPE63Q6mThaZws1T+HxfpgtPw==",
      "engines": {
        "node": "^12.20.0 || >=14"
      }
    },
    "node_modules/csv": {
      "version": "6.2.5",
      "resolved": "https://registry.npmjs.org/csv/-/csv-6.2.5.tgz",
      "integrity": "sha512-T+K0H7MIrlrnP6KxYKo3lK+uLl6OC2Gmwdd81TG/VdkhKvpatl35sR7tyRSpDLGl22y2T+q9KvNHnVtn4OAscQ==",
      "dependencies": {
        "csv-generate": "^4.2.1",
        "csv-parse": "^5.3.3",
        "csv-stringify": "^6.2.3",
        "stream-transform": "^3.2.1"
      },
      "engines": {
        "node": ">= 0.1.90"
      }
    },
    "node_modules/csv-generate": {
      "version": "4.2.1",
      "resolved": "https://registry.npmjs.org/csv-generate/-/csv-generate-4.2.1.tgz",
      "integrity": "sha512-w6GFHjvApv6bcJ2xdi9JGsH6ZvUBfC+vUdfefnEzurXG6hMRwzkBLnhztU2H7v7+zfCk1I/knnQ+tGbgpxWrBw=="
    },
    "node_modules/csv-parse": {
      "version": "5.3.3",
      "resolved": "https://registry.npmjs.org/csv-parse/-/csv-parse-5.3.3.tgz",
      "integrity": "sha512-kEWkAPleNEdhFNkHQpFHu9RYPogsFj3dx6bCxL847fsiLgidzWg0z/O0B1kVWMJUc5ky64zGp18LX2T3DQrOfw=="
    },
    "node_modules/csv-stringify": {
      "version": "6.2.3",
      "resolved": "https://registry.npmjs.org/csv-stringify/-/csv-stringify-6.2.3.tgz",
      "integrity": "sha512-4qGjUMwnlaRc00gc2jrIYh2w/h1fo25B0mTuY9K8fBiIgtmCX3LcgUbrEGViL98Ci4Se/F5LFEtu8k+dItJVZQ=="
    },
    "node_modules/dayjs": {
      "version": "1.11.7",
      "resolved": "https://registry.npmjs.org/dayjs/-/dayjs-1.11.7.tgz",
      "integrity": "sha512-+Yw9U6YO5TQohxLcIkrXBeY73WP3ejHWVvx8XCk3gxvQDCTEmS48ZrSZCKciI7Bhl/uCMyxYtE9UqRILmFphkQ=="
    },
    "node_modules/graceful-fs": {
      "version": "4.2.10",
      "resolved": "https://registry.npmjs.org/graceful-fs/-/graceful-fs-4.2.10.tgz",
      "integrity": "sha512-9ByhssR2fPVsNZj478qUUbKfmL0+t5BDVyjShtyZZLiK7ZDAArFFfopyOTj0M05wE2tJPisA4iTnnXl2YoPvOA==",
      "optional": true
    },
    "node_modules/jsonfile": {
      "version": "6.1.0",
      "resolved": "https://registry.npmjs.org/jsonfile/-/jsonfile-6.1.0.tgz",
      "integrity": "sha512-5dgndWOriYSm5cnYaJNhalLNDKOqFwyDB/rr1E9ZsGciGvKPs8R2xYGCacuf3z6K1YKDz182fd+fY3cn3pMqXQ==",
      "dependencies": {
        "universalify": "^2.0.0"
      },
      "optionalDependencies": {
        "graceful-fs": "^4.1.6"
      }
    },
    "node_modules/stream-transform": {
      "version": "3.2.1",
      "resolved": "https://registry.npmjs.org/stream-transform/-/stream-transform-3.2.1.tgz",
      "integrity": "sha512-ApK+WTJ5bCOf0A2tlec1qhvr8bGEBM/sgXXB7mysdCYgZJO5DZeaV3h3G+g0HnAQ372P5IhiGqnW29zoLOfTzQ=="
    },
    "node_modules/typescript": {
      "version": "4.9.4",
      "resolved": "https://registry.npmjs.org/typescript/-/typescript-4.9.4.tgz",
      "integrity": "sha512-Uz+dTXYzxXXbsFpM86Wh3dKCxrQqUcVMxwU54orwlJjOpO3ao8L7j5lH+dWfTwgCwIuM9GQ2kvVotzYJMXTBZg==",
      "dev": true,
      "bin": {
        "tsc": "bin/tsc",
        "tsserver": "bin/tsserver"
      },
      "engines": {
        "node": ">=4.2.0"
      }
    },
    "node_modules/universalify": {
      "version": "2.0.0",
      "resolved": "https://registry.npmjs.org/universalify/-/universalify-2.0.0.tgz",
      "integrity": "sha512-hAZsKq7Yy11Zu1DE0OzWjw7nnLZmJZYTDZZyEFHZdUhV8FkH5MCfoU1XMaxXovpyW5nq5scPqq0ZDP9Zyl04oQ==",
      "engines": {
        "node": ">= 10.0.0"
      }
    }
  },
  "dependencies": {
    "@types/clear": {
      "version": "0.1.2",
      "resolved": "https://registry.npmjs.org/@types/clear/-/clear-0.1.2.tgz",
      "integrity": "sha512-h3GHp9BuPgY3X+WKWwJgTIl/h38KkcdU6JG28i1xdrlS8YXVi3V1YrhaZkjuvur97qZo8TMQjVXJorTf87LvfA==",
      "dev": true
    },
    "@types/jsonfile": {
      "version": "6.1.0",
      "resolved": "https://registry.npmjs.org/@types/jsonfile/-/jsonfile-6.1.0.tgz",
      "integrity": "sha512-zQPywzif9EycCkvECjYT9dbbttT0dkk657zcLb/803ZOXHsBA963jzEPF/Jnh1zOdBbgFJvUE8kcvZverAoK1w==",
      "dev": true,
      "requires": {
        "@types/node": "*"
      }
    },
    "@types/node": {
      "version": "18.11.18",
      "resolved": "https://registry.npmjs.org/@types/node/-/node-18.11.18.tgz",
      "integrity": "sha512-DHQpWGjyQKSHj3ebjFI/wRKcqQcdR+MoFBygntYOZytCqNfkd2ZC4ARDJ2DQqhjH5p85Nnd3jhUJIXrszFX/JA==",
      "dev": true
    },
    "clear": {
      "version": "0.1.0",
      "resolved": "https://registry.npmjs.org/clear/-/clear-0.1.0.tgz",
      "integrity": "sha512-qMjRnoL+JDPJHeLePZJuao6+8orzHMGP04A8CdwCNsKhRbOnKRjefxONR7bwILT3MHecxKBjHkKL/tkZ8r4Uzw=="
    },
    "commander": {
      "version": "9.4.1",
      "resolved": "https://registry.npmjs.org/commander/-/commander-9.4.1.tgz",
      "integrity": "sha512-5EEkTNyHNGFPD2H+c/dXXfQZYa/scCKasxWcXJaWnNJ99pnQN9Vnmqow+p+PlFPE63Q6mThaZws1T+HxfpgtPw=="
    },
    "csv": {
      "version": "6.2.5",
      "resolved": "https://registry.npmjs.org/csv/-/csv-6.2.5.tgz",
      "integrity": "sha512-T+K0H7MIrlrnP6KxYKo3lK+uLl6OC2Gmwdd81TG/VdkhKvpatl35sR7tyRSpDLGl22y2T+q9KvNHnVtn4OAscQ==",
      "requires": {
        "csv-generate": "^4.2.1",
        "csv-parse": "^5.3.3",
        "csv-stringify": "^6.2.3",
        "stream-transform": "^3.2.1"
      }
    },
    "csv-generate": {
      "version": "4.2.1",
      "resolved": "https://registry.npmjs.org/csv-generate/-/csv-generate-4.2.1.tgz",
      "integrity": "sha512-w6GFHjvApv6bcJ2xdi9JGsH6ZvUBfC+vUdfefnEzurXG6hMRwzkBLnhztU2H7v7+zfCk1I/knnQ+tGbgpxWrBw=="
    },
    "csv-parse": {
      "version": "5.3.3",
      "resolved": "https://registry.npmjs.org/csv-parse/-/csv-parse-5.3.3.tgz",
      "integrity": "sha512-kEWkAPleNEdhFNkHQpFHu9RYPogsFj3dx6bCxL847fsiLgidzWg0z/O0B1kVWMJUc5ky64zGp18LX2T3DQrOfw=="
    },
    "csv-stringify": {
      "version": "6.2.3",
      "resolved": "https://registry.npmjs.org/csv-stringify/-/csv-stringify-6.2.3.tgz",
      "integrity": "sha512-4qGjUMwnlaRc00gc2jrIYh2w/h1fo25B0mTuY9K8fBiIgtmCX3LcgUbrEGViL98Ci4Se/F5LFEtu8k+dItJVZQ=="
    },
    "dayjs": {
      "version": "1.11.7",
      "resolved": "https://registry.npmjs.org/dayjs/-/dayjs-1.11.7.tgz",
      "integrity": "sha512-+Yw9U6YO5TQohxLcIkrXBeY73WP3ejHWVvx8XCk3gxvQDCTEmS48ZrSZCKciI7Bhl/uCMyxYtE9UqRILmFphkQ=="
    },
    "graceful-fs": {
      "version": "4.2.10",
      "resolved": "https://registry.npmjs.org/graceful-fs/-/graceful-fs-4.2.10.tgz",
      "integrity": "sha512-9ByhssR2fPVsNZj478qUUbKfmL0+t5BDVyjShtyZZLiK7ZDAArFFfopyOTj0M05wE2tJPisA4iTnnXl2YoPvOA==",
      "optional": true
    },
    "jsonfile": {
      "version": "6.1.0",
      "resolved": "https://registry.npmjs.org/jsonfile/-/jsonfile-6.1.0.tgz",
      "integrity": "sha512-5dgndWOriYSm5cnYaJNhalLNDKOqFwyDB/rr1E9ZsGciGvKPs8R2xYGCacuf3z6K1YKDz182fd+fY3cn3pMqXQ==",
      "requires": {
        "graceful-fs": "^4.1.6",
        "universalify": "^2.0.0"
      }
    },
    "stream-transform": {
      "version": "3.2.1",
      "resolved": "https://registry.npmjs.org/stream-transform/-/stream-transform-3.2.1.tgz",
      "integrity": "sha512-ApK+WTJ5bCOf0A2tlec1qhvr8bGEBM/sgXXB7mysdCYgZJO5DZeaV3h3G+g0HnAQ372P5IhiGqnW29zoLOfTzQ=="
    },
    "typescript": {
      "version": "4.9.4",
      "resolved": "https://registry.npmjs.org/typescript/-/typescript-4.9.4.tgz",
      "integrity": "sha512-Uz+dTXYzxXXbsFpM86Wh3dKCxrQqUcVMxwU54orwlJjOpO3ao8L7j5lH+dWfTwgCwIuM9GQ2kvVotzYJMXTBZg==",
      "dev": true
    },
    "universalify": {
      "version": "2.0.0",
      "resolved": "https://registry.npmjs.org/universalify/-/universalify-2.0.0.tgz",
      "integrity": "sha512-hAZsKq7Yy11Zu1DE0OzWjw7nnLZmJZYTDZZyEFHZdUhV8FkH5MCfoU1XMaxXovpyW5nq5scPqq0ZDP9Zyl04oQ=="
    }
  }
}
